
Microsoft Visual Studio Solution File, Format Version 12.00
# Visual Studio 15
VisualStudioVersion = 15.0.27130.2010
MinimumVisualStudioVersion = 10.0.40219.1
Project("{FAE04EC0-301F-11D3-BF4B-00C04F79EFBC}") = "EmailManager", "EmailManager\EmailManager.csproj", "{2FE98811-A8D6-4E09-A371-55F17379C3F2}"
EndProject
Project("{2150E333-8FDC-42A3-9474-1A3956D46DE8}") = "Solution Items", "Solution Items", "{A9864749-2E9C-4813-A8C5-0B43421705C3}"
	ProjectSection(SolutionItems) = preProject
		.gitignore = .gitignore
		README.md = README.md
	EndProjectSection
EndProject
Global
	GlobalSection(SolutionConfigurationPlatforms) = preSolution
		Debug|Any CPU = Debug|Any CPU
		Release|Any CPU = Release|Any CPU
	EndGlobalSection
	GlobalSection(ProjectConfigurationPlatforms) = postSolution
		{2FE98811-A8D6-4E09-A371-55F17379C3F2}.Debug|Any CPU.ActiveCfg = Debug|Any CPU
		{2FE98811-A8D6-4E09-A371-55F17379C3F2}.Debug|Any CPU.Build.0 = Debug|Any CPU
		{2FE98811-A8D6-4E09-A371-55F17379C3F2}.Release|Any CPU.ActiveCfg = Release|Any CPU
		{2FE98811-A8D6-4E09-A371-55F17379C3F2}.Release|Any CPU.Build.0 = Release|Any CPU
	EndGlobalSection
	GlobalSection(SolutionProperties) = preSolution
		HideSolutionNode = FALSE
	EndGlobalSection
	GlobalSection(ExtensibilityGlobals) = postSolution
		SolutionGuid = {7252CD62-BCAC-4863-A18D-D2E685FD8F99}
	EndGlobalSection
EndGlobal
